// !$*UTF8*$!
{
	archiveVersion = 1;
	classes = {
	};
	objectVersion = 56;
	objects = {

/* Begin PBXBuildFile section */
		D419DF2329DD2B3E00CB5D97 /* BaseViewController.swift in Sources */ = {isa = PBXBuildFile; fileRef = D419DF2229DD2B3E00CB5D97 /* BaseViewController.swift */; };
		D48F25FE29E139B800E2F04F /* APIEndpoints.swift in Sources */ = {isa = PBXBuildFile; fileRef = D48F25FD29E139B800E2F04F /* APIEndpoints.swift */; };
		D48F260029E13DC400E2F04F /* TestingHelpers.swift in Sources */ = {isa = PBXBuildFile; fileRef = D48F25FF29E13DC400E2F04F /* TestingHelpers.swift */; };
		D4B3258329DC2E0300BE2F57 /* HomePageMealCollectionViewCell.swift in Sources */ = {isa = PBXBuildFile; fileRef = D4B3258129DC2E0300BE2F57 /* HomePageMealCollectionViewCell.swift */; };
		D4B3258429DC2E0300BE2F57 /* HomePageMealCollectionViewCell.xib in Resources */ = {isa = PBXBuildFile; fileRef = D4B3258229DC2E0300BE2F57 /* HomePageMealCollectionViewCell.xib */; };
		D4B3258729DC36C500BE2F57 /* DetailViewController.swift in Sources */ = {isa = PBXBuildFile; fileRef = D4B3258529DC36C500BE2F57 /* DetailViewController.swift */; };
		D4B3258829DC36C500BE2F57 /* DetailViewController.xib in Resources */ = {isa = PBXBuildFile; fileRef = D4B3258629DC36C500BE2F57 /* DetailViewController.xib */; };
		D4B3258B29DC3C3D00BE2F57 /* HomePageViewController.swift in Sources */ = {isa = PBXBuildFile; fileRef = D4B3258929DC3C3D00BE2F57 /* HomePageViewController.swift */; };
		D4B3258C29DC3C3D00BE2F57 /* HomePageViewController.xib in Resources */ = {isa = PBXBuildFile; fileRef = D4B3258A29DC3C3D00BE2F57 /* HomePageViewController.xib */; };
		D4FB32C829DEA18B0043A2E4 /* XCTestCaseBase.swift in Sources */ = {isa = PBXBuildFile; fileRef = D4FB32C729DEA18B0043A2E4 /* XCTestCaseBase.swift */; };
		D4FE362829DB7C7900DCEE4A /* AppDelegate.swift in Sources */ = {isa = PBXBuildFile; fileRef = D4FE362729DB7C7900DCEE4A /* AppDelegate.swift */; };
		D4FE362A29DB7C7900DCEE4A /* SceneDelegate.swift in Sources */ = {isa = PBXBuildFile; fileRef = D4FE362929DB7C7900DCEE4A /* SceneDelegate.swift */; };
		D4FE363129DB7C7B00DCEE4A /* Assets.xcassets in Resources */ = {isa = PBXBuildFile; fileRef = D4FE363029DB7C7B00DCEE4A /* Assets.xcassets */; };
		D4FE363429DB7C7B00DCEE4A /* LaunchScreen.storyboard in Resources */ = {isa = PBXBuildFile; fileRef = D4FE363229DB7C7B00DCEE4A /* LaunchScreen.storyboard */; };
		D4FE363F29DB7C7B00DCEE4A /* FetchRewardsTakeHomeTests.swift in Sources */ = {isa = PBXBuildFile; fileRef = D4FE363E29DB7C7B00DCEE4A /* FetchRewardsTakeHomeTests.swift */; };
		D4FE364929DB7C7B00DCEE4A /* FetchRewardsTakeHomeUITests.swift in Sources */ = {isa = PBXBuildFile; fileRef = D4FE364829DB7C7B00DCEE4A /* FetchRewardsTakeHomeUITests.swift */; };
		D4FE364B29DB7C7B00DCEE4A /* FetchRewardsTakeHomeUITestsLaunchTests.swift in Sources */ = {isa = PBXBuildFile; fileRef = D4FE364A29DB7C7B00DCEE4A /* FetchRewardsTakeHomeUITestsLaunchTests.swift */; };
		D4FE365829DB7DA000DCEE4A /* Model.swift in Sources */ = {isa = PBXBuildFile; fileRef = D4FE365729DB7DA000DCEE4A /* Model.swift */; };
		D4FE365D29DB7E3400DCEE4A /* Utilities.swift in Sources */ = {isa = PBXBuildFile; fileRef = D4FE365C29DB7E3400DCEE4A /* Utilities.swift */; };
		D4FE365F29DB7ED800DCEE4A /* NetworkHandler.swift in Sources */ = {isa = PBXBuildFile; fileRef = D4FE365E29DB7ED800DCEE4A /* NetworkHandler.swift */; };
		D4FE366129DBCF8C00DCEE4A /* ViewModel.swift in Sources */ = {isa = PBXBuildFile; fileRef = D4FE366029DBCF8C00DCEE4A /* ViewModel.swift */; };
/* End PBXBuildFile section */

/* Begin PBXContainerItemProxy section */
		D4FE363B29DB7C7B00DCEE4A /* PBXContainerItemProxy */ = {
			isa = PBXContainerItemProxy;
			containerPortal = D4FE361C29DB7C7900DCEE4A /* Project object */;
			proxyType = 1;
			remoteGlobalIDString = D4FE362329DB7C7900DCEE4A;
			remoteInfo = FetchRewardsTakeHome;
		};
		D4FE364529DB7C7B00DCEE4A /* PBXContainerItemProxy */ = {
			isa = PBXContainerItemProxy;
			containerPortal = D4FE361C29DB7C7900DCEE4A /* Project object */;
			proxyType = 1;
			remoteGlobalIDString = D4FE362329DB7C7900DCEE4A;
			remoteInfo = FetchRewardsTakeHome;
		};
/* End PBXContainerItemProxy section */

/* Begin PBXFileReference section */
		D419DF2229DD2B3E00CB5D97 /* BaseViewController.swift */ = {isa = PBXFileReference; lastKnownFileType = sourcecode.swift; path = BaseViewController.swift; sourceTree = "<group>"; };
		D48F25FB29E0C7D500E2F04F /* FetchRewardsTakeHome.xctestplan */ = {isa = PBXFileReference; lastKnownFileType = text; name = FetchRewardsTakeHome.xctestplan; path = FetchRewardsTakeHome.xcodeproj/FetchRewardsTakeHome.xctestplan; sourceTree = "<group>"; };
		D48F25FD29E139B800E2F04F /* APIEndpoints.swift */ = {isa = PBXFileReference; lastKnownFileType = sourcecode.swift; path = APIEndpoints.swift; sourceTree = "<group>"; };
		D48F25FF29E13DC400E2F04F /* TestingHelpers.swift */ = {isa = PBXFileReference; lastKnownFileType = sourcecode.swift; path = TestingHelpers.swift; sourceTree = "<group>"; };
		D4B3258129DC2E0300BE2F57 /* HomePageMealCollectionViewCell.swift */ = {isa = PBXFileReference; lastKnownFileType = sourcecode.swift; path = HomePageMealCollectionViewCell.swift; sourceTree = "<group>"; };
		D4B3258229DC2E0300BE2F57 /* HomePageMealCollectionViewCell.xib */ = {isa = PBXFileReference; lastKnownFileType = file.xib; path = HomePageMealCollectionViewCell.xib; sourceTree = "<group>"; };
		D4B3258529DC36C500BE2F57 /* DetailViewController.swift */ = {isa = PBXFileReference; lastKnownFileType = sourcecode.swift; path = DetailViewController.swift; sourceTree = "<group>"; };
		D4B3258629DC36C500BE2F57 /* DetailViewController.xib */ = {isa = PBXFileReference; lastKnownFileType = file.xib; path = DetailViewController.xib; sourceTree = "<group>"; };
		D4B3258929DC3C3D00BE2F57 /* HomePageViewController.swift */ = {isa = PBXFileReference; lastKnownFileType = sourcecode.swift; path = HomePageViewController.swift; sourceTree = "<group>"; };
		D4B3258A29DC3C3D00BE2F57 /* HomePageViewController.xib */ = {isa = PBXFileReference; lastKnownFileType = file.xib; path = HomePageViewController.xib; sourceTree = "<group>"; };
		D4FB32C729DEA18B0043A2E4 /* XCTestCaseBase.swift */ = {isa = PBXFileReference; lastKnownFileType = sourcecode.swift; path = XCTestCaseBase.swift; sourceTree = "<group>"; };
		D4FE362429DB7C7900DCEE4A /* FetchRewardsTakeHome.app */ = {isa = PBXFileReference; explicitFileType = wrapper.application; includeInIndex = 0; path = FetchRewardsTakeHome.app; sourceTree = BUILT_PRODUCTS_DIR; };
		D4FE362729DB7C7900DCEE4A /* AppDelegate.swift */ = {isa = PBXFileReference; lastKnownFileType = sourcecode.swift; path = AppDelegate.swift; sourceTree = "<group>"; };
		D4FE362929DB7C7900DCEE4A /* SceneDelegate.swift */ = {isa = PBXFileReference; lastKnownFileType = sourcecode.swift; path = SceneDelegate.swift; sourceTree = "<group>"; };
		D4FE363029DB7C7B00DCEE4A /* Assets.xcassets */ = {isa = PBXFileReference; lastKnownFileType = folder.assetcatalog; path = Assets.xcassets; sourceTree = "<group>"; };
		D4FE363329DB7C7B00DCEE4A /* Base */ = {isa = PBXFileReference; lastKnownFileType = file.storyboard; name = Base; path = Base.lproj/LaunchScreen.storyboard; sourceTree = "<group>"; };
		D4FE363529DB7C7B00DCEE4A /* Info.plist */ = {isa = PBXFileReference; lastKnownFileType = text.plist.xml; path = Info.plist; sourceTree = "<group>"; };
		D4FE363A29DB7C7B00DCEE4A /* FetchRewardsTakeHomeTests.xctest */ = {isa = PBXFileReference; explicitFileType = wrapper.cfbundle; includeInIndex = 0; path = FetchRewardsTakeHomeTests.xctest; sourceTree = BUILT_PRODUCTS_DIR; };
		D4FE363E29DB7C7B00DCEE4A /* FetchRewardsTakeHomeTests.swift */ = {isa = PBXFileReference; lastKnownFileType = sourcecode.swift; path = FetchRewardsTakeHomeTests.swift; sourceTree = "<group>"; };
		D4FE364429DB7C7B00DCEE4A /* FetchRewardsTakeHomeUITests.xctest */ = {isa = PBXFileReference; explicitFileType = wrapper.cfbundle; includeInIndex = 0; path = FetchRewardsTakeHomeUITests.xctest; sourceTree = BUILT_PRODUCTS_DIR; };
		D4FE364829DB7C7B00DCEE4A /* FetchRewardsTakeHomeUITests.swift */ = {isa = PBXFileReference; lastKnownFileType = sourcecode.swift; path = FetchRewardsTakeHomeUITests.swift; sourceTree = "<group>"; };
		D4FE364A29DB7C7B00DCEE4A /* FetchRewardsTakeHomeUITestsLaunchTests.swift */ = {isa = PBXFileReference; lastKnownFileType = sourcecode.swift; path = FetchRewardsTakeHomeUITestsLaunchTests.swift; sourceTree = "<group>"; };
		D4FE365729DB7DA000DCEE4A /* Model.swift */ = {isa = PBXFileReference; lastKnownFileType = sourcecode.swift; path = Model.swift; sourceTree = "<group>"; };
		D4FE365C29DB7E3400DCEE4A /* Utilities.swift */ = {isa = PBXFileReference; lastKnownFileType = sourcecode.swift; path = Utilities.swift; sourceTree = "<group>"; };
		D4FE365E29DB7ED800DCEE4A /* NetworkHandler.swift */ = {isa = PBXFileReference; lastKnownFileType = sourcecode.swift; path = NetworkHandler.swift; sourceTree = "<group>"; };
		D4FE366029DBCF8C00DCEE4A /* ViewModel.swift */ = {isa = PBXFileReference; lastKnownFileType = sourcecode.swift; path = ViewModel.swift; sourceTree = "<group>"; };
/* End PBXFileReference section */

/* Begin PBXFrameworksBuildPhase section */
		D4FE362129DB7C7900DCEE4A /* Frameworks */ = {
			isa = PBXFrameworksBuildPhase;
			buildActionMask = 2147483647;
			files = (
			);
			runOnlyForDeploymentPostprocessing = 0;
		};
		D4FE363729DB7C7B00DCEE4A /* Frameworks */ = {
			isa = PBXFrameworksBuildPhase;
			buildActionMask = 2147483647;
			files = (
			);
			runOnlyForDeploymentPostprocessing = 0;
		};
		D4FE364129DB7C7B00DCEE4A /* Frameworks */ = {
			isa = PBXFrameworksBuildPhase;
			buildActionMask = 2147483647;
			files = (
			);
			runOnlyForDeploymentPostprocessing = 0;
		};
/* End PBXFrameworksBuildPhase section */

/* Begin PBXGroup section */
		D4B3258D29DC532300BE2F57 /* DetailViewController */ = {
			isa = PBXGroup;
			children = (
				D4B3258529DC36C500BE2F57 /* DetailViewController.swift */,
				D4B3258629DC36C500BE2F57 /* DetailViewController.xib */,
			);
			path = DetailViewController;
			sourceTree = "<group>";
		};
		D4B3258E29DC533400BE2F57 /* HomePageViewController */ = {
			isa = PBXGroup;
			children = (
				D4B3258929DC3C3D00BE2F57 /* HomePageViewController.swift */,
				D4B3258A29DC3C3D00BE2F57 /* HomePageViewController.xib */,
				D4B3258129DC2E0300BE2F57 /* HomePageMealCollectionViewCell.swift */,
				D4B3258229DC2E0300BE2F57 /* HomePageMealCollectionViewCell.xib */,
			);
			path = HomePageViewController;
			sourceTree = "<group>";
		};
		D4B3258F29DC536B00BE2F57 /* ViewControllers */ = {
			isa = PBXGroup;
			children = (
				D4B3258E29DC533400BE2F57 /* HomePageViewController */,
				D4B3258D29DC532300BE2F57 /* DetailViewController */,
			);
			path = ViewControllers;
			sourceTree = "<group>";
		};
		D4FB32C929DEC3E10043A2E4 /* Base Classes */ = {
			isa = PBXGroup;
			children = (
				D419DF2229DD2B3E00CB5D97 /* BaseViewController.swift */,
			);
			path = "Base Classes";
			sourceTree = "<group>";
		};
		D4FB32CA29DEC4050043A2E4 /* ViewModel */ = {
			isa = PBXGroup;
			children = (
				D4FE366029DBCF8C00DCEE4A /* ViewModel.swift */,
			);
			path = ViewModel;
			sourceTree = "<group>";
		};
		D4FB32CB29DEC4130043A2E4 /* Networking */ = {
			isa = PBXGroup;
			children = (
				D4FE365E29DB7ED800DCEE4A /* NetworkHandler.swift */,
				D48F25FD29E139B800E2F04F /* APIEndpoints.swift */,
			);
			path = Networking;
			sourceTree = "<group>";
		};
		D4FB32CC29DEC6CB0043A2E4 /* AppConfigFiles */ = {
			isa = PBXGroup;
			children = (
				D4FE362729DB7C7900DCEE4A /* AppDelegate.swift */,
				D4FE362929DB7C7900DCEE4A /* SceneDelegate.swift */,
				D4FE363029DB7C7B00DCEE4A /* Assets.xcassets */,
				D4FE363229DB7C7B00DCEE4A /* LaunchScreen.storyboard */,
			);
			path = AppConfigFiles;
			sourceTree = "<group>";
		};
		D4FE361B29DB7C7900DCEE4A = {
			isa = PBXGroup;
			children = (
				D48F25FB29E0C7D500E2F04F /* FetchRewardsTakeHome.xctestplan */,
				D4FE362629DB7C7900DCEE4A /* FetchRewardsTakeHome */,
				D4FE363D29DB7C7B00DCEE4A /* FetchRewardsTakeHomeTests */,
				D4FE364729DB7C7B00DCEE4A /* FetchRewardsTakeHomeUITests */,
				D4FE362529DB7C7900DCEE4A /* Products */,
			);
			sourceTree = "<group>";
		};
		D4FE362529DB7C7900DCEE4A /* Products */ = {
			isa = PBXGroup;
			children = (
				D4FE362429DB7C7900DCEE4A /* FetchRewardsTakeHome.app */,
				D4FE363A29DB7C7B00DCEE4A /* FetchRewardsTakeHomeTests.xctest */,
				D4FE364429DB7C7B00DCEE4A /* FetchRewardsTakeHomeUITests.xctest */,
			);
			name = Products;
			sourceTree = "<group>";
		};
		D4FE362629DB7C7900DCEE4A /* FetchRewardsTakeHome */ = {
			isa = PBXGroup;
			children = (
				D4FE363529DB7C7B00DCEE4A /* Info.plist */,
				D4FB32CC29DEC6CB0043A2E4 /* AppConfigFiles */,
				D4B3258F29DC536B00BE2F57 /* ViewControllers */,
				D4FB32C929DEC3E10043A2E4 /* Base Classes */,
				D4FB32CA29DEC4050043A2E4 /* ViewModel */,
				D4FB32CB29DEC4130043A2E4 /* Networking */,
				D4FE365B29DB7E2100DCEE4A /* Utilities */,
				D4FE365929DB7E0100DCEE4A /* Model */,
			);
			path = FetchRewardsTakeHome;
			sourceTree = "<group>";
		};
		D4FE363D29DB7C7B00DCEE4A /* FetchRewardsTakeHomeTests */ = {
			isa = PBXGroup;
			children = (
				D4FE363E29DB7C7B00DCEE4A /* FetchRewardsTakeHomeTests.swift */,
				D4FB32C729DEA18B0043A2E4 /* XCTestCaseBase.swift */,
			);
			path = FetchRewardsTakeHomeTests;
			sourceTree = "<group>";
		};
		D4FE364729DB7C7B00DCEE4A /* FetchRewardsTakeHomeUITests */ = {
			isa = PBXGroup;
			children = (
				D4FE364829DB7C7B00DCEE4A /* FetchRewardsTakeHomeUITests.swift */,
				D4FE364A29DB7C7B00DCEE4A /* FetchRewardsTakeHomeUITestsLaunchTests.swift */,
			);
			path = FetchRewardsTakeHomeUITests;
			sourceTree = "<group>";
		};
		D4FE365929DB7E0100DCEE4A /* Model */ = {
			isa = PBXGroup;
			children = (
				D4FE365729DB7DA000DCEE4A /* Model.swift */,
			);
			path = Model;
			sourceTree = "<group>";
		};
		D4FE365B29DB7E2100DCEE4A /* Utilities */ = {
			isa = PBXGroup;
			children = (
				D4FE365C29DB7E3400DCEE4A /* Utilities.swift */,
				D48F25FF29E13DC400E2F04F /* TestingHelpers.swift */,
			);
			path = Utilities;
			sourceTree = "<group>";
		};
/* End PBXGroup section */

/* Begin PBXNativeTarget section */
		D4FE362329DB7C7900DCEE4A /* FetchRewardsTakeHome */ = {
			isa = PBXNativeTarget;
			buildConfigurationList = D4FE364E29DB7C7B00DCEE4A /* Build configuration list for PBXNativeTarget "FetchRewardsTakeHome" */;
			buildPhases = (
				D4FE362029DB7C7900DCEE4A /* Sources */,
				D4FE362129DB7C7900DCEE4A /* Frameworks */,
				D4FE362229DB7C7900DCEE4A /* Resources */,
			);
			buildRules = (
			);
			dependencies = (
			);
			name = FetchRewardsTakeHome;
			productName = FetchRewardsTakeHome;
			productReference = D4FE362429DB7C7900DCEE4A /* FetchRewardsTakeHome.app */;
			productType = "com.apple.product-type.application";
		};
		D4FE363929DB7C7B00DCEE4A /* FetchRewardsTakeHomeTests */ = {
			isa = PBXNativeTarget;
			buildConfigurationList = D4FE365129DB7C7B00DCEE4A /* Build configuration list for PBXNativeTarget "FetchRewardsTakeHomeTests" */;
			buildPhases = (
				D4FE363629DB7C7B00DCEE4A /* Sources */,
				D4FE363729DB7C7B00DCEE4A /* Frameworks */,
				D4FE363829DB7C7B00DCEE4A /* Resources */,
			);
			buildRules = (
			);
			dependencies = (
				D4FE363C29DB7C7B00DCEE4A /* PBXTargetDependency */,
			);
			name = FetchRewardsTakeHomeTests;
			productName = FetchRewardsTakeHomeTests;
			productReference = D4FE363A29DB7C7B00DCEE4A /* FetchRewardsTakeHomeTests.xctest */;
			productType = "com.apple.product-type.bundle.unit-test";
		};
		D4FE364329DB7C7B00DCEE4A /* FetchRewardsTakeHomeUITests */ = {
			isa = PBXNativeTarget;
			buildConfigurationList = D4FE365429DB7C7B00DCEE4A /* Build configuration list for PBXNativeTarget "FetchRewardsTakeHomeUITests" */;
			buildPhases = (
				D4FE364029DB7C7B00DCEE4A /* Sources */,
				D4FE364129DB7C7B00DCEE4A /* Frameworks */,
				D4FE364229DB7C7B00DCEE4A /* Resources */,
			);
			buildRules = (
			);
			dependencies = (
				D4FE364629DB7C7B00DCEE4A /* PBXTargetDependency */,
			);
			name = FetchRewardsTakeHomeUITests;
			productName = FetchRewardsTakeHomeUITests;
			productReference = D4FE364429DB7C7B00DCEE4A /* FetchRewardsTakeHomeUITests.xctest */;
			productType = "com.apple.product-type.bundle.ui-testing";
		};
/* End PBXNativeTarget section */

/* Begin PBXProject section */
		D4FE361C29DB7C7900DCEE4A /* Project object */ = {
			isa = PBXProject;
			attributes = {
				BuildIndependentTargetsInParallel = 1;
				LastSwiftUpdateCheck = 1400;
				LastUpgradeCheck = 1400;
				TargetAttributes = {
					D4FE362329DB7C7900DCEE4A = {
						CreatedOnToolsVersion = 14.0;
					};
					D4FE363929DB7C7B00DCEE4A = {
						CreatedOnToolsVersion = 14.0;
						TestTargetID = D4FE362329DB7C7900DCEE4A;
					};
					D4FE364329DB7C7B00DCEE4A = {
						CreatedOnToolsVersion = 14.0;
						TestTargetID = D4FE362329DB7C7900DCEE4A;
					};
				};
			};
			buildConfigurationList = D4FE361F29DB7C7900DCEE4A /* Build configuration list for PBXProject "FetchRewardsTakeHome" */;
			compatibilityVersion = "Xcode 14.0";
			developmentRegion = en;
			hasScannedForEncodings = 0;
			knownRegions = (
				en,
				Base,
			);
			mainGroup = D4FE361B29DB7C7900DCEE4A;
			productRefGroup = D4FE362529DB7C7900DCEE4A /* Products */;
			projectDirPath = "";
			projectRoot = "";
			targets = (
				D4FE362329DB7C7900DCEE4A /* FetchRewardsTakeHome */,
				D4FE363929DB7C7B00DCEE4A /* FetchRewardsTakeHomeTests */,
				D4FE364329DB7C7B00DCEE4A /* FetchRewardsTakeHomeUITests */,
			);
		};
/* End PBXProject section */

/* Begin PBXResourcesBuildPhase section */
		D4FE362229DB7C7900DCEE4A /* Resources */ = {
			isa = PBXResourcesBuildPhase;
			buildActionMask = 2147483647;
			files = (
				D4FE363429DB7C7B00DCEE4A /* LaunchScreen.storyboard in Resources */,
				D4FE363129DB7C7B00DCEE4A /* Assets.xcassets in Resources */,
				D4B3258829DC36C500BE2F57 /* DetailViewController.xib in Resources */,
				D4B3258C29DC3C3D00BE2F57 /* HomePageViewController.xib in Resources */,
				D4B3258429DC2E0300BE2F57 /* HomePageMealCollectionViewCell.xib in Resources */,
			);
			runOnlyForDeploymentPostprocessing = 0;
		};
		D4FE363829DB7C7B00DCEE4A /* Resources */ = {
			isa = PBXResourcesBuildPhase;
			buildActionMask = 2147483647;
			files = (
			);
			runOnlyForDeploymentPostprocessing = 0;
		};
		D4FE364229DB7C7B00DCEE4A /* Resources */ = {
			isa = PBXResourcesBuildPhase;
			buildActionMask = 2147483647;
			files = (
			);
			runOnlyForDeploymentPostprocessing = 0;
		};
/* End PBXResourcesBuildPhase section */

/* Begin PBXSourcesBuildPhase section */
		D4FE362029DB7C7900DCEE4A /* Sources */ = {
			isa = PBXSourcesBuildPhase;
			buildActionMask = 2147483647;
			files = (
				D4B3258729DC36C500BE2F57 /* DetailViewController.swift in Sources */,
				D4FE365D29DB7E3400DCEE4A /* Utilities.swift in Sources */,
				D4FE366129DBCF8C00DCEE4A /* ViewModel.swift in Sources */,
				D4FE365F29DB7ED800DCEE4A /* NetworkHandler.swift in Sources */,
				D48F260029E13DC400E2F04F /* TestingHelpers.swift in Sources */,
				D4B3258329DC2E0300BE2F57 /* HomePageMealCollectionViewCell.swift in Sources */,
				D419DF2329DD2B3E00CB5D97 /* BaseViewController.swift in Sources */,
				D4FE365829DB7DA000DCEE4A /* Model.swift in Sources */,
				D4FE362829DB7C7900DCEE4A /* AppDelegate.swift in Sources */,
				D4B3258B29DC3C3D00BE2F57 /* HomePageViewController.swift in Sources */,
				D4FE362A29DB7C7900DCEE4A /* SceneDelegate.swift in Sources */,
				D48F25FE29E139B800E2F04F /* APIEndpoints.swift in Sources */,
			);
			runOnlyForDeploymentPostprocessing = 0;
		};
		D4FE363629DB7C7B00DCEE4A /* Sources */ = {
			isa = PBXSourcesBuildPhase;
			buildActionMask = 2147483647;
			files = (
				D4FE363F29DB7C7B00DCEE4A /* FetchRewardsTakeHomeTests.swift in Sources */,
				D4FB32C829DEA18B0043A2E4 /* XCTestCaseBase.swift in Sources */,
			);
			runOnlyForDeploymentPostprocessing = 0;
		};
		D4FE364029DB7C7B00DCEE4A /* Sources */ = {
			isa = PBXSourcesBuildPhase;
			buildActionMask = 2147483647;
			files = (
				D4FE364B29DB7C7B00DCEE4A /* FetchRewardsTakeHomeUITestsLaunchTests.swift in Sources */,
				D4FE364929DB7C7B00DCEE4A /* FetchRewardsTakeHomeUITests.swift in Sources */,
			);
			runOnlyForDeploymentPostprocessing = 0;
		};
/* End PBXSourcesBuildPhase section */

/* Begin PBXTargetDependency section */
		D4FE363C29DB7C7B00DCEE4A /* PBXTargetDependency */ = {
			isa = PBXTargetDependency;
			target = D4FE362329DB7C7900DCEE4A /* FetchRewardsTakeHome */;
			targetProxy = D4FE363B29DB7C7B00DCEE4A /* PBXContainerItemProxy */;
		};
		D4FE364629DB7C7B00DCEE4A /* PBXTargetDependency */ = {
			isa = PBXTargetDependency;
			target = D4FE362329DB7C7900DCEE4A /* FetchRewardsTakeHome */;
			targetProxy = D4FE364529DB7C7B00DCEE4A /* PBXContainerItemProxy */;
		};
/* End PBXTargetDependency section */

/* Begin PBXVariantGroup section */
		D4FE363229DB7C7B00DCEE4A /* LaunchScreen.storyboard */ = {
			isa = PBXVariantGroup;
			children = (
				D4FE363329DB7C7B00DCEE4A /* Base */,
			);
			name = LaunchScreen.storyboard;
			sourceTree = "<group>";
		};
/* End PBXVariantGroup section */

/* Begin XCBuildConfiguration section */
		D4FE364C29DB7C7B00DCEE4A /* Debug */ = {
			isa = XCBuildConfiguration;
			buildSettings = {
				ALWAYS_SEARCH_USER_PATHS = NO;
				CLANG_ANALYZER_NONNULL = YES;
				CLANG_ANALYZER_NUMBER_OBJECT_CONVERSION = YES_AGGRESSIVE;
				CLANG_CXX_LANGUAGE_STANDARD = "gnu++20";
				CLANG_ENABLE_MODULES = YES;
				CLANG_ENABLE_OBJC_ARC = YES;
				CLANG_ENABLE_OBJC_WEAK = YES;
				CLANG_WARN_BLOCK_CAPTURE_AUTORELEASING = YES;
				CLANG_WARN_BOOL_CONVERSION = YES;
				CLANG_WARN_COMMA = YES;
				CLANG_WARN_CONSTANT_CONVERSION = YES;
				CLANG_WARN_DEPRECATED_OBJC_IMPLEMENTATIONS = YES;
				CLANG_WARN_DIRECT_OBJC_ISA_USAGE = YES_ERROR;
				CLANG_WARN_DOCUMENTATION_COMMENTS = YES;
				CLANG_WARN_EMPTY_BODY = YES;
				CLANG_WARN_ENUM_CONVERSION = YES;
				CLANG_WARN_INFINITE_RECURSION = YES;
				CLANG_WARN_INT_CONVERSION = YES;
				CLANG_WARN_NON_LITERAL_NULL_CONVERSION = YES;
				CLANG_WARN_OBJC_IMPLICIT_RETAIN_SELF = YES;
				CLANG_WARN_OBJC_LITERAL_CONVERSION = YES;
				CLANG_WARN_OBJC_ROOT_CLASS = YES_ERROR;
				CLANG_WARN_QUOTED_INCLUDE_IN_FRAMEWORK_HEADER = YES;
				CLANG_WARN_RANGE_LOOP_ANALYSIS = YES;
				CLANG_WARN_STRICT_PROTOTYPES = YES;
				CLANG_WARN_SUSPICIOUS_MOVE = YES;
				CLANG_WARN_UNGUARDED_AVAILABILITY = YES_AGGRESSIVE;
				CLANG_WARN_UNREACHABLE_CODE = YES;
				CLANG_WARN__DUPLICATE_METHOD_MATCH = YES;
				COPY_PHASE_STRIP = NO;
				DEBUG_INFORMATION_FORMAT = dwarf;
				ENABLE_STRICT_OBJC_MSGSEND = YES;
				ENABLE_TESTABILITY = YES;
				GCC_C_LANGUAGE_STANDARD = gnu11;
				GCC_DYNAMIC_NO_PIC = NO;
				GCC_NO_COMMON_BLOCKS = YES;
				GCC_OPTIMIZATION_LEVEL = 0;
				GCC_PREPROCESSOR_DEFINITIONS = (
					"DEBUG=1",
					"$(inherited)",
				);
				GCC_WARN_64_TO_32_BIT_CONVERSION = YES;
				GCC_WARN_ABOUT_RETURN_TYPE = YES_ERROR;
				GCC_WARN_UNDECLARED_SELECTOR = YES;
				GCC_WARN_UNINITIALIZED_AUTOS = YES_AGGRESSIVE;
				GCC_WARN_UNUSED_FUNCTION = YES;
				GCC_WARN_UNUSED_VARIABLE = YES;
				IPHONEOS_DEPLOYMENT_TARGET = 16.0;
				MTL_ENABLE_DEBUG_INFO = INCLUDE_SOURCE;
				MTL_FAST_MATH = YES;
				ONLY_ACTIVE_ARCH = YES;
				SDKROOT = iphoneos;
				SWIFT_ACTIVE_COMPILATION_CONDITIONS = DEBUG;
				SWIFT_OPTIMIZATION_LEVEL = "-Onone";
			};
			name = Debug;
		};
		D4FE364D29DB7C7B00DCEE4A /* Release */ = {
			isa = XCBuildConfiguration;
			buildSettings = {
				ALWAYS_SEARCH_USER_PATHS = NO;
				CLANG_ANALYZER_NONNULL = YES;
				CLANG_ANALYZER_NUMBER_OBJECT_CONVERSION = YES_AGGRESSIVE;
				CLANG_CXX_LANGUAGE_STANDARD = "gnu++20";
				CLANG_ENABLE_MODULES = YES;
				CLANG_ENABLE_OBJC_ARC = YES;
				CLANG_ENABLE_OBJC_WEAK = YES;
				CLANG_WARN_BLOCK_CAPTURE_AUTORELEASING = YES;
				CLANG_WARN_BOOL_CONVERSION = YES;
				CLANG_WARN_COMMA = YES;
				CLANG_WARN_CONSTANT_CONVERSION = YES;
				CLANG_WARN_DEPRECATED_OBJC_IMPLEMENTATIONS = YES;
				CLANG_WARN_DIRECT_OBJC_ISA_USAGE = YES_ERROR;
				CLANG_WARN_DOCUMENTATION_COMMENTS = YES;
				CLANG_WARN_EMPTY_BODY = YES;
				CLANG_WARN_ENUM_CONVERSION = YES;
				CLANG_WARN_INFINITE_RECURSION = YES;
				CLANG_WARN_INT_CONVERSION = YES;
				CLANG_WARN_NON_LITERAL_NULL_CONVERSION = YES;
				CLANG_WARN_OBJC_IMPLICIT_RETAIN_SELF = YES;
				CLANG_WARN_OBJC_LITERAL_CONVERSION = YES;
				CLANG_WARN_OBJC_ROOT_CLASS = YES_ERROR;
				CLANG_WARN_QUOTED_INCLUDE_IN_FRAMEWORK_HEADER = YES;
				CLANG_WARN_RANGE_LOOP_ANALYSIS = YES;
				CLANG_WARN_STRICT_PROTOTYPES = YES;
				CLANG_WARN_SUSPICIOUS_MOVE = YES;
				CLANG_WARN_UNGUARDED_AVAILABILITY = YES_AGGRESSIVE;
				CLANG_WARN_UNREACHABLE_CODE = YES;
				CLANG_WARN__DUPLICATE_METHOD_MATCH = YES;
				COPY_PHASE_STRIP = NO;
				DEBUG_INFORMATION_FORMAT = "dwarf-with-dsym";
				ENABLE_NS_ASSERTIONS = NO;
				ENABLE_STRICT_OBJC_MSGSEND = YES;
				GCC_C_LANGUAGE_STANDARD = gnu11;
				GCC_NO_COMMON_BLOCKS = YES;
				GCC_WARN_64_TO_32_BIT_CONVERSION = YES;
				GCC_WARN_ABOUT_RETURN_TYPE = YES_ERROR;
				GCC_WARN_UNDECLARED_SELECTOR = YES;
				GCC_WARN_UNINITIALIZED_AUTOS = YES_AGGRESSIVE;
				GCC_WARN_UNUSED_FUNCTION = YES;
				GCC_WARN_UNUSED_VARIABLE = YES;
				IPHONEOS_DEPLOYMENT_TARGET = 16.0;
				MTL_ENABLE_DEBUG_INFO = NO;
				MTL_FAST_MATH = YES;
				SDKROOT = iphoneos;
				SWIFT_COMPILATION_MODE = wholemodule;
				SWIFT_OPTIMIZATION_LEVEL = "-O";
				VALIDATE_PRODUCT = YES;
			};
			name = Release;
		};
		D4FE364F29DB7C7B00DCEE4A /* Debug */ = {
			isa = XCBuildConfiguration;
			buildSettings = {
				ASSETCATALOG_COMPILER_APPICON_NAME = AppIcon;
				ASSETCATALOG_COMPILER_GLOBAL_ACCENT_COLOR_NAME = AccentColor;
				CODE_SIGN_STYLE = Automatic;
				CURRENT_PROJECT_VERSION = 1;
				DEVELOPMENT_TEAM = NY37U8R2HF;
				GENERATE_INFOPLIST_FILE = YES;
				INFOPLIST_FILE = FetchRewardsTakeHome/Info.plist;
				INFOPLIST_KEY_UIApplicationSupportsIndirectInputEvents = YES;
				INFOPLIST_KEY_UILaunchStoryboardName = LaunchScreen;
				INFOPLIST_KEY_UIMainStoryboardFile = "";
				INFOPLIST_KEY_UISupportedInterfaceOrientations_iPad = "UIInterfaceOrientationPortrait UIInterfaceOrientationPortraitUpsideDown UIInterfaceOrientationLandscapeLeft UIInterfaceOrientationLandscapeRight";
				INFOPLIST_KEY_UISupportedInterfaceOrientations_iPhone = "UIInterfaceOrientationPortrait UIInterfaceOrientationLandscapeLeft UIInterfaceOrientationLandscapeRight";
				LD_RUNPATH_SEARCH_PATHS = (
					"$(inherited)",
					"@executable_path/Frameworks",
				);
				MARKETING_VERSION = 1.0;
				PRODUCT_BUNDLE_IDENTIFIER = com.Fetch.FetchRewardsTakeHome;
				PRODUCT_NAME = "$(TARGET_NAME)";
				SWIFT_EMIT_LOC_STRINGS = YES;
				SWIFT_VERSION = 5.0;
				TARGETED_DEVICE_FAMILY = "1,2";
			};
			name = Debug;
		};
		D4FE365029DB7C7B00DCEE4A /* Release */ = {
			isa = XCBuildConfiguration;
			buildSettings = {
				ASSETCATALOG_COMPILER_APPICON_NAME = AppIcon;
				ASSETCATALOG_COMPILER_GLOBAL_ACCENT_COLOR_NAME = AccentColor;
				CODE_SIGN_STYLE = Automatic;
				CURRENT_PROJECT_VERSION = 1;
				DEVELOPMENT_TEAM = NY37U8R2HF;
				GENERATE_INFOPLIST_FILE = YES;
				INFOPLIST_FILE = FetchRewardsTakeHome/Info.plist;
				INFOPLIST_KEY_UIApplicationSupportsIndirectInputEvents = YES;
				INFOPLIST_KEY_UILaunchStoryboardName = LaunchScreen;
				INFOPLIST_KEY_UIMainStoryboardFile = "";
				INFOPLIST_KEY_UISupportedInterfaceOrientations_iPad = "UIInterfaceOrientationPortrait UIInterfaceOrientationPortraitUpsideDown UIInterfaceOrientationLandscapeLeft UIInterfaceOrientationLandscapeRight";
				INFOPLIST_KEY_UISupportedInterfaceOrientations_iPhone = "UIInterfaceOrientationPortrait UIInterfaceOrientationLandscapeLeft UIInterfaceOrientationLandscapeRight";
				LD_RUNPATH_SEARCH_PATHS = (
					"$(inherited)",
					"@executable_path/Frameworks",
				);
				MARKETING_VERSION = 1.0;
				PRODUCT_BUNDLE_IDENTIFIER = com.Fetch.FetchRewardsTakeHome;
				PRODUCT_NAME = "$(TARGET_NAME)";
				SWIFT_EMIT_LOC_STRINGS = YES;
				SWIFT_VERSION = 5.0;
				TARGETED_DEVICE_FAMILY = "1,2";
			};
			name = Release;
		};
		D4FE365229DB7C7B00DCEE4A /* Debug */ = {
			isa = XCBuildConfiguration;
			buildSettings = {
				ALWAYS_EMBED_SWIFT_STANDARD_LIBRARIES = YES;
				BUNDLE_LOADER = "$(TEST_HOST)";
				CODE_SIGN_STYLE = Automatic;
				CURRENT_PROJECT_VERSION = 1;
				DEVELOPMENT_TEAM = NY37U8R2HF;
				GENERATE_INFOPLIST_FILE = YES;
				IPHONEOS_DEPLOYMENT_TARGET = 16.0;
				MARKETING_VERSION = 1.0;
				PRODUCT_BUNDLE_IDENTIFIER = com.Fetch.FetchRewardsTakeHomeTests;
				PRODUCT_NAME = "$(TARGET_NAME)";
				SWIFT_EMIT_LOC_STRINGS = NO;
				SWIFT_VERSION = 5.0;
				TARGETED_DEVICE_FAMILY = "1,2";
				TEST_HOST = "$(BUILT_PRODUCTS_DIR)/FetchRewardsTakeHome.app/$(BUNDLE_EXECUTABLE_FOLDER_PATH)/FetchRewardsTakeHome";
			};
			name = Debug;
		};
		D4FE365329DB7C7B00DCEE4A /* Release */ = {
			isa = XCBuildConfiguration;
			buildSettings = {
				ALWAYS_EMBED_SWIFT_STANDARD_LIBRARIES = YES;
				BUNDLE_LOADER = "$(TEST_HOST)";
				CODE_SIGN_STYLE = Automatic;
				CURRENT_PROJECT_VERSION = 1;
				DEVELOPMENT_TEAM = NY37U8R2HF;
				GENERATE_INFOPLIST_FILE = YES;
				IPHONEOS_DEPLOYMENT_TARGET = 16.0;
				MARKETING_VERSION = 1.0;
				PRODUCT_BUNDLE_IDENTIFIER = com.Fetch.FetchRewardsTakeHomeTests;
				PRODUCT_NAME = "$(TARGET_NAME)";
				SWIFT_EMIT_LOC_STRINGS = NO;
				SWIFT_VERSION = 5.0;
				TARGETED_DEVICE_FAMILY = "1,2";
				TEST_HOST = "$(BUILT_PRODUCTS_DIR)/FetchRewardsTakeHome.app/$(BUNDLE_EXECUTABLE_FOLDER_PATH)/FetchRewardsTakeHome";
			};
			name = Release;
		};
		D4FE365529DB7C7B00DCEE4A /* Debug */ = {
			isa = XCBuildConfiguration;
			buildSettings = {
				ALWAYS_EMBED_SWIFT_STANDARD_LIBRARIES = YES;
				CODE_SIGN_STYLE = Automatic;
				CURRENT_PROJECT_VERSION = 1;
				DEVELOPMENT_TEAM = NY37U8R2HF;
				GENERATE_INFOPLIST_FILE = YES;
				MARKETING_VERSION = 1.0;
				PRODUCT_BUNDLE_IDENTIFIER = com.Fetch.FetchRewardsTakeHomeUITests;
				PRODUCT_NAME = "$(TARGET_NAME)";
				SWIFT_EMIT_LOC_STRINGS = NO;
				SWIFT_VERSION = 5.0;
				TARGETED_DEVICE_FAMILY = "1,2";
				TEST_TARGET_NAME = FetchRewardsTakeHome;
			};
			name = Debug;
		};
		D4FE365629DB7C7B00DCEE4A /* Release */ = {
			isa = XCBuildConfiguration;
			buildSettings = {
				ALWAYS_EMBED_SWIFT_STANDARD_LIBRARIES = YES;
				CODE_SIGN_STYLE = Automatic;
				CURRENT_PROJECT_VERSION = 1;
				DEVELOPMENT_TEAM = NY37U8R2HF;
				GENERATE_INFOPLIST_FILE = YES;
				MARKETING_VERSION = 1.0;
				PRODUCT_BUNDLE_IDENTIFIER = com.Fetch.FetchRewardsTakeHomeUITests;
				PRODUCT_NAME = "$(TARGET_NAME)";
				SWIFT_EMIT_LOC_STRINGS = NO;
				SWIFT_VERSION = 5.0;
				TARGETED_DEVICE_FAMILY = "1,2";
				TEST_TARGET_NAME = FetchRewardsTakeHome;
			};
			name = Release;
		};
/* End XCBuildConfiguration section */

/* Begin XCConfigurationList section */
		D4FE361F29DB7C7900DCEE4A /* Build configuration list for PBXProject "FetchRewardsTakeHome" */ = {
			isa = XCConfigurationList;
			buildConfigurations = (
				D4FE364C29DB7C7B00DCEE4A /* Debug */,
				D4FE364D29DB7C7B00DCEE4A /* Release */,
			);
			defaultConfigurationIsVisible = 0;
			defaultConfigurationName = Release;
		};
		D4FE364E29DB7C7B00DCEE4A /* Build configuration list for PBXNativeTarget "FetchRewardsTakeHome" */ = {
			isa = XCConfigurationList;
			buildConfigurations = (
				D4FE364F29DB7C7B00DCEE4A /* Debug */,
				D4FE365029DB7C7B00DCEE4A /* Release */,
			);
			defaultConfigurationIsVisible = 0;
			defaultConfigurationName = Release;
		};
		D4FE365129DB7C7B00DCEE4A /* Build configuration list for PBXNativeTarget "FetchRewardsTakeHomeTests" */ = {
			isa = XCConfigurationList;
			buildConfigurations = (
				D4FE365229DB7C7B00DCEE4A /* Debug */,
				D4FE365329DB7C7B00DCEE4A /* Release */,
			);
			defaultConfigurationIsVisible = 0;
			defaultConfigurationName = Release;
		};
		D4FE365429DB7C7B00DCEE4A /* Build configuration list for PBXNativeTarget "FetchRewardsTakeHomeUITests" */ = {
			isa = XCConfigurationList;
			buildConfigurations = (
				D4FE365529DB7C7B00DCEE4A /* Debug */,
				D4FE365629DB7C7B00DCEE4A /* Release */,
			);
			defaultConfigurationIsVisible = 0;
			defaultConfigurationName = Release;
		};
/* End XCConfigurationList section */
	};
	rootObject = D4FE361C29DB7C7900DCEE4A /* Project object */;
}
